// !$*UTF8*$!
{
	archiveVersion = 1;
	classes = {
	};
	objectVersion = 46;
	objects = {

/* Begin PBXBuildFile section */
		142A995D179D6705002384C1 /* testdata.txt in Resources */ = {isa = PBXBuildFile; fileRef = 142A995C179D6705002384C1 /* testdata.txt */; };
		142A9960179D6E79002384C1 /* RDCStoryViewController.m in Sources */ = {isa = PBXBuildFile; fileRef = 142A995F179D6E79002384C1 /* RDCStoryViewController.m */; };
		14308B39179EAFD700EA560C /* QuartzCore.framework in Frameworks */ = {isa = PBXBuildFile; fileRef = 14308B38179EAFD700EA560C /* QuartzCore.framework */; };
		14308B42179FC54600EA560C /* icon.png in Resources */ = {isa = PBXBuildFile; fileRef = 14308B3A179FC54600EA560C /* icon.png */; };
		14308B43179FC54600EA560C /* icon@2x.png in Resources */ = {isa = PBXBuildFile; fileRef = 14308B3B179FC54600EA560C /* icon@2x.png */; };
		14308B44179FC54600EA560C /* share.png in Resources */ = {isa = PBXBuildFile; fileRef = 14308B3C179FC54600EA560C /* share.png */; };
		14308B45179FC54600EA560C /* share@2x.png in Resources */ = {isa = PBXBuildFile; fileRef = 14308B3D179FC54600EA560C /* share@2x.png */; };
		14308B46179FC54600EA560C /* nav-bar.png in Resources */ = {isa = PBXBuildFile; fileRef = 14308B3E179FC54600EA560C /* nav-bar.png */; };
		14308B47179FC54600EA560C /* nav-bar-landscape.png in Resources */ = {isa = PBXBuildFile; fileRef = 14308B3F179FC54600EA560C /* nav-bar-landscape.png */; };
		14308B48179FC54600EA560C /* nav-bar-landscape@2x.png in Resources */ = {isa = PBXBuildFile; fileRef = 14308B40179FC54600EA560C /* nav-bar-landscape@2x.png */; };
		14308B49179FC54600EA560C /* nav-bar@2x.png in Resources */ = {isa = PBXBuildFile; fileRef = 14308B41179FC54600EA560C /* nav-bar@2x.png */; };
		14308B4C179FC63000EA560C /* RDCStylizer.m in Sources */ = {isa = PBXBuildFile; fileRef = 14308B4B179FC63000EA560C /* RDCStylizer.m */; };
		14308B4F179FD08D00EA560C /* Twitter.framework in Frameworks */ = {isa = PBXBuildFile; fileRef = 14308B4E179FD08D00EA560C /* Twitter.framework */; settings = {ATTRIBUTES = (Weak, ); }; };
		14308B51179FD4D900EA560C /* Social.framework in Frameworks */ = {isa = PBXBuildFile; fileRef = 14308B50179FD4D900EA560C /* Social.framework */; settings = {ATTRIBUTES = (Weak, ); }; };
		14308B53179FD86500EA560C /* CoreImage.framework in Frameworks */ = {isa = PBXBuildFile; fileRef = 14308B52179FD86500EA560C /* CoreImage.framework */; settings = {ATTRIBUTES = (Weak, ); }; };
		14308B56179FD92F00EA560C /* UIView+RDCGaussianFade.m in Sources */ = {isa = PBXBuildFile; fileRef = 14308B55179FD92F00EA560C /* UIView+RDCGaussianFade.m */; };
		14308B5B179FE37F00EA560C /* Roboto-Light.ttf in Resources */ = {isa = PBXBuildFile; fileRef = 14308B58179FE37F00EA560C /* Roboto-Light.ttf */; };
		14308B5D179FE37F00EA560C /* Roboto-Regular.ttf in Resources */ = {isa = PBXBuildFile; fileRef = 14308B59179FE37F00EA560C /* Roboto-Regular.ttf */; };
		14308B5F179FE37F00EA560C /* Roboto-Thin.ttf in Resources */ = {isa = PBXBuildFile; fileRef = 14308B5A179FE37F00EA560C /* Roboto-Thin.ttf */; };
		14308B85179FF19400EA560C /* Default.png in Resources */ = {isa = PBXBuildFile; fileRef = 14308B84179FF19400EA560C /* Default.png */; };
		14308B87179FF19E00EA560C /* Default@2x.png in Resources */ = {isa = PBXBuildFile; fileRef = 14308B86179FF19E00EA560C /* Default@2x.png */; };
		14308B89179FF1A400EA560C /* Default-568h@2x.png in Resources */ = {isa = PBXBuildFile; fileRef = 14308B88179FF1A400EA560C /* Default-568h@2x.png */; };
		149C22AB179BC568002970A7 /* RDCCellContentView.m in Sources */ = {isa = PBXBuildFile; fileRef = 149C22AA179BC568002970A7 /* RDCCellContentView.m */; };
		14B8175D179B704F001A371C /* UIKit.framework in Frameworks */ = {isa = PBXBuildFile; fileRef = 14B8175C179B704F001A371C /* UIKit.framework */; };
		14B8175F179B704F001A371C /* Foundation.framework in Frameworks */ = {isa = PBXBuildFile; fileRef = 14B8175E179B704F001A371C /* Foundation.framework */; };
		14B81761179B704F001A371C /* CoreGraphics.framework in Frameworks */ = {isa = PBXBuildFile; fileRef = 14B81760179B704F001A371C /* CoreGraphics.framework */; };
		14B81767179B704F001A371C /* InfoPlist.strings in Resources */ = {isa = PBXBuildFile; fileRef = 14B81765179B704F001A371C /* InfoPlist.strings */; };
		14B81769179B704F001A371C /* main.m in Sources */ = {isa = PBXBuildFile; fileRef = 14B81768179B704F001A371C /* main.m */; };
		14B8176D179B704F001A371C /* RDCAppDelegate.m in Sources */ = {isa = PBXBuildFile; fileRef = 14B8176C179B704F001A371C /* RDCAppDelegate.m */; };
		14B817AB179B82FC001A371C /* RDCNewsListViewController.m in Sources */ = {isa = PBXBuildFile; fileRef = 14B817AA179B82FC001A371C /* RDCNewsListViewController.m */; };
		14B817AF179B89ED001A371C /* RDCAsyncDownloader.m in Sources */ = {isa = PBXBuildFile; fileRef = 14B817AE179B89ED001A371C /* RDCAsyncDownloader.m */; };
/* End PBXBuildFile section */

/* Begin PBXFileReference section */
		142A9959179D3AC8002384C1 /* Constants.h */ = {isa = PBXFileReference; fileEncoding = 4; lastKnownFileType = sourcecode.c.h; path = Constants.h; sourceTree = "<group>"; };
		142A995C179D6705002384C1 /* testdata.txt */ = {isa = PBXFileReference; fileEncoding = 4; lastKnownFileType = text; path = testdata.txt; sourceTree = "<group>"; };
		142A995E179D6E79002384C1 /* RDCStoryViewController.h */ = {isa = PBXFileReference; fileEncoding = 4; lastKnownFileType = sourcecode.c.h; path = RDCStoryViewController.h; sourceTree = "<group>"; };
		142A995F179D6E79002384C1 /* RDCStoryViewController.m */ = {isa = PBXFileReference; fileEncoding = 4; lastKnownFileType = sourcecode.c.objc; path = RDCStoryViewController.m; sourceTree = "<group>"; };
		14308B38179EAFD700EA560C /* QuartzCore.framework */ = {isa = PBXFileReference; lastKnownFileType = wrapper.framework; name = QuartzCore.framework; path = System/Library/Frameworks/QuartzCore.framework; sourceTree = SDKROOT; };
		14308B3A179FC54600EA560C /* icon.png */ = {isa = PBXFileReference; lastKnownFileType = image.png; path = icon.png; sourceTree = "<group>"; };
		14308B3B179FC54600EA560C /* icon@2x.png */ = {isa = PBXFileReference; lastKnownFileType = image.png; path = "icon@2x.png"; sourceTree = "<group>"; };
		14308B3C179FC54600EA560C /* share.png */ = {isa = PBXFileReference; lastKnownFileType = image.png; path = share.png; sourceTree = "<group>"; };
		14308B3D179FC54600EA560C /* share@2x.png */ = {isa = PBXFileReference; lastKnownFileType = image.png; path = "share@2x.png"; sourceTree = "<group>"; };
		14308B3E179FC54600EA560C /* nav-bar.png */ = {isa = PBXFileReference; lastKnownFileType = image.png; path = "nav-bar.png"; sourceTree = "<group>"; };
		14308B3F179FC54600EA560C /* nav-bar-landscape.png */ = {isa = PBXFileReference; lastKnownFileType = image.png; path = "nav-bar-landscape.png"; sourceTree = "<group>"; };
		14308B40179FC54600EA560C /* nav-bar-landscape@2x.png */ = {isa = PBXFileReference; lastKnownFileType = image.png; path = "nav-bar-landscape@2x.png"; sourceTree = "<group>"; };
		14308B41179FC54600EA560C /* nav-bar@2x.png */ = {isa = PBXFileReference; lastKnownFileType = image.png; path = "nav-bar@2x.png"; sourceTree = "<group>"; };
		14308B4A179FC63000EA560C /* RDCStylizer.h */ = {isa = PBXFileReference; fileEncoding = 4; lastKnownFileType = sourcecode.c.h; path = RDCStylizer.h; sourceTree = "<group>"; };
		14308B4B179FC63000EA560C /* RDCStylizer.m */ = {isa = PBXFileReference; fileEncoding = 4; lastKnownFileType = sourcecode.c.objc; path = RDCStylizer.m; sourceTree = "<group>"; };
		14308B4E179FD08D00EA560C /* Twitter.framework */ = {isa = PBXFileReference; lastKnownFileType = wrapper.framework; name = Twitter.framework; path = System/Library/Frameworks/Twitter.framework; sourceTree = SDKROOT; };
		14308B50179FD4D900EA560C /* Social.framework */ = {isa = PBXFileReference; lastKnownFileType = wrapper.framework; name = Social.framework; path = System/Library/Frameworks/Social.framework; sourceTree = SDKROOT; };
		14308B52179FD86500EA560C /* CoreImage.framework */ = {isa = PBXFileReference; lastKnownFileType = wrapper.framework; name = CoreImage.framework; path = System/Library/Frameworks/CoreImage.framework; sourceTree = SDKROOT; };
		14308B54179FD92F00EA560C /* UIView+RDCGaussianFade.h */ = {isa = PBXFileReference; fileEncoding = 4; lastKnownFileType = sourcecode.c.h; path = "UIView+RDCGaussianFade.h"; sourceTree = "<group>"; };
		14308B55179FD92F00EA560C /* UIView+RDCGaussianFade.m */ = {isa = PBXFileReference; fileEncoding = 4; lastKnownFileType = sourcecode.c.objc; path = "UIView+RDCGaussianFade.m"; sourceTree = "<group>"; };
		14308B58179FE37F00EA560C /* Roboto-Light.ttf */ = {isa = PBXFileReference; lastKnownFileType = file; path = "Roboto-Light.ttf"; sourceTree = "<group>"; };
		14308B59179FE37F00EA560C /* Roboto-Regular.ttf */ = {isa = PBXFileReference; lastKnownFileType = file; path = "Roboto-Regular.ttf"; sourceTree = "<group>"; };
		14308B5A179FE37F00EA560C /* Roboto-Thin.ttf */ = {isa = PBXFileReference; lastKnownFileType = file; path = "Roboto-Thin.ttf"; sourceTree = "<group>"; };
		14308B69179FEBF900EA560C /* Cocoa.framework */ = {isa = PBXFileReference; lastKnownFileType = wrapper.framework; name = Cocoa.framework; path = Library/Frameworks/Cocoa.framework; sourceTree = DEVELOPER_DIR; };
		14308B6C179FEBF900EA560C /* AppKit.framework */ = {isa = PBXFileReference; lastKnownFileType = wrapper.framework; name = AppKit.framework; path = Library/Frameworks/AppKit.framework; sourceTree = SDKROOT; };
		14308B6D179FEBF900EA560C /* CoreData.framework */ = {isa = PBXFileReference; lastKnownFileType = wrapper.framework; name = CoreData.framework; path = Library/Frameworks/CoreData.framework; sourceTree = SDKROOT; };
		14308B6E179FEBF900EA560C /* Foundation.framework */ = {isa = PBXFileReference; lastKnownFileType = wrapper.framework; name = Foundation.framework; path = Library/Frameworks/Foundation.framework; sourceTree = SDKROOT; };
		14308B84179FF19400EA560C /* Default.png */ = {isa = PBXFileReference; lastKnownFileType = image.png; path = Default.png; sourceTree = "<group>"; };
		14308B86179FF19E00EA560C /* Default@2x.png */ = {isa = PBXFileReference; lastKnownFileType = image.png; path = "Default@2x.png"; sourceTree = "<group>"; };
		14308B88179FF1A400EA560C /* Default-568h@2x.png */ = {isa = PBXFileReference; lastKnownFileType = image.png; path = "Default-568h@2x.png"; sourceTree = "<group>"; };
		149C22A9179BC568002970A7 /* RDCCellContentView.h */ = {isa = PBXFileReference; fileEncoding = 4; lastKnownFileType = sourcecode.c.h; path = RDCCellContentView.h; sourceTree = "<group>"; };
		149C22AA179BC568002970A7 /* RDCCellContentView.m */ = {isa = PBXFileReference; fileEncoding = 4; lastKnownFileType = sourcecode.c.objc; path = RDCCellContentView.m; sourceTree = "<group>"; };
		14B81759179B704F001A371C /* QuickNews.app */ = {isa = PBXFileReference; explicitFileType = wrapper.application; includeInIndex = 0; path = QuickNews.app; sourceTree = BUILT_PRODUCTS_DIR; };
		14B8175C179B704F001A371C /* UIKit.framework */ = {isa = PBXFileReference; lastKnownFileType = wrapper.framework; name = UIKit.framework; path = System/Library/Frameworks/UIKit.framework; sourceTree = SDKROOT; };
		14B8175E179B704F001A371C /* Foundation.framework */ = {isa = PBXFileReference; lastKnownFileType = wrapper.framework; name = Foundation.framework; path = System/Library/Frameworks/Foundation.framework; sourceTree = SDKROOT; };
		14B81760179B704F001A371C /* CoreGraphics.framework */ = {isa = PBXFileReference; lastKnownFileType = wrapper.framework; name = CoreGraphics.framework; path = System/Library/Frameworks/CoreGraphics.framework; sourceTree = SDKROOT; };
		14B81764179B704F001A371C /* QuickNews-Info.plist */ = {isa = PBXFileReference; lastKnownFileType = text.plist.xml; path = "QuickNews-Info.plist"; sourceTree = "<group>"; };
		14B81766179B704F001A371C /* en */ = {isa = PBXFileReference; lastKnownFileType = text.plist.strings; name = en; path = en.lproj/InfoPlist.strings; sourceTree = "<group>"; };
		14B81768179B704F001A371C /* main.m */ = {isa = PBXFileReference; lastKnownFileType = sourcecode.c.objc; path = main.m; sourceTree = "<group>"; };
		14B8176A179B704F001A371C /* QuickNews-Prefix.pch */ = {isa = PBXFileReference; lastKnownFileType = sourcecode.c.h; path = "QuickNews-Prefix.pch"; sourceTree = "<group>"; };
		14B8176B179B704F001A371C /* RDCAppDelegate.h */ = {isa = PBXFileReference; lastKnownFileType = sourcecode.c.h; path = RDCAppDelegate.h; sourceTree = "<group>"; };
		14B8176C179B704F001A371C /* RDCAppDelegate.m */ = {isa = PBXFileReference; lastKnownFileType = sourcecode.c.objc; path = RDCAppDelegate.m; sourceTree = "<group>"; };
		14B81780179B704F001A371C /* SenTestingKit.framework */ = {isa = PBXFileReference; lastKnownFileType = wrapper.framework; name = SenTestingKit.framework; path = Library/Frameworks/SenTestingKit.framework; sourceTree = DEVELOPER_DIR; };
		14B817A9179B82FC001A371C /* RDCNewsListViewController.h */ = {isa = PBXFileReference; fileEncoding = 4; lastKnownFileType = sourcecode.c.h; path = RDCNewsListViewController.h; sourceTree = "<group>"; };
		14B817AA179B82FC001A371C /* RDCNewsListViewController.m */ = {isa = PBXFileReference; fileEncoding = 4; lastKnownFileType = sourcecode.c.objc; path = RDCNewsListViewController.m; sourceTree = "<group>"; };
		14B817AD179B89ED001A371C /* RDCAsyncDownloader.h */ = {isa = PBXFileReference; fileEncoding = 4; lastKnownFileType = sourcecode.c.h; path = RDCAsyncDownloader.h; sourceTree = "<group>"; };
		14B817AE179B89ED001A371C /* RDCAsyncDownloader.m */ = {isa = PBXFileReference; fileEncoding = 4; lastKnownFileType = sourcecode.c.objc; path = RDCAsyncDownloader.m; sourceTree = "<group>"; };
/* End PBXFileReference section */

/* Begin PBXFrameworksBuildPhase section */
		14B81756179B704F001A371C /* Frameworks */ = {
			isa = PBXFrameworksBuildPhase;
			buildActionMask = 2147483647;
			files = (
				14308B53179FD86500EA560C /* CoreImage.framework in Frameworks */,
				14308B51179FD4D900EA560C /* Social.framework in Frameworks */,
				14308B4F179FD08D00EA560C /* Twitter.framework in Frameworks */,
				14308B39179EAFD700EA560C /* QuartzCore.framework in Frameworks */,
				14B8175D179B704F001A371C /* UIKit.framework in Frameworks */,
				14B8175F179B704F001A371C /* Foundation.framework in Frameworks */,
				14B81761179B704F001A371C /* CoreGraphics.framework in Frameworks */,
			);
			runOnlyForDeploymentPostprocessing = 0;
		};
/* End PBXFrameworksBuildPhase section */

/* Begin PBXGroup section */
		14308B61179FE9B900EA560C /* Resources */ = {
			isa = PBXGroup;
			children = (
				14308B88179FF1A400EA560C /* Default-568h@2x.png */,
				14308B86179FF19E00EA560C /* Default@2x.png */,
				14308B84179FF19400EA560C /* Default.png */,
				14308B3A179FC54600EA560C /* icon.png */,
				14308B3B179FC54600EA560C /* icon@2x.png */,
				14308B3C179FC54600EA560C /* share.png */,
				14308B3D179FC54600EA560C /* share@2x.png */,
				14308B3E179FC54600EA560C /* nav-bar.png */,
				14308B3F179FC54600EA560C /* nav-bar-landscape.png */,
				14308B40179FC54600EA560C /* nav-bar-landscape@2x.png */,
				14308B41179FC54600EA560C /* nav-bar@2x.png */,
				14308B58179FE37F00EA560C /* Roboto-Light.ttf */,
				14308B59179FE37F00EA560C /* Roboto-Regular.ttf */,
				14308B5A179FE37F00EA560C /* Roboto-Thin.ttf */,
			);
			name = Resources;
			sourceTree = "<group>";
		};
		14308B6B179FEBF900EA560C /* Other Frameworks */ = {
			isa = PBXGroup;
			children = (
				14308B6C179FEBF900EA560C /* AppKit.framework */,
				14308B6D179FEBF900EA560C /* CoreData.framework */,
				14308B6E179FEBF900EA560C /* Foundation.framework */,
			);
			name = "Other Frameworks";
			sourceTree = "<group>";
		};
		14B81750179B704F001A371C = {
			isa = PBXGroup;
			children = (
				14308B61179FE9B900EA560C /* Resources */,
				14308B54179FD92F00EA560C /* UIView+RDCGaussianFade.h */,
				14308B55179FD92F00EA560C /* UIView+RDCGaussianFade.m */,
				142A995C179D6705002384C1 /* testdata.txt */,
				142A9959179D3AC8002384C1 /* Constants.h */,
				14B81762179B704F001A371C /* QuickNews */,
				14B8175B179B704F001A371C /* Frameworks */,
				14B8175A179B704F001A371C /* Products */,
			);
			sourceTree = "<group>";
		};
		14B8175A179B704F001A371C /* Products */ = {
			isa = PBXGroup;
			children = (
				14B81759179B704F001A371C /* QuickNews.app */,
			);
			name = Products;
			sourceTree = "<group>";
		};
		14B8175B179B704F001A371C /* Frameworks */ = {
			isa = PBXGroup;
			children = (
				14308B52179FD86500EA560C /* CoreImage.framework */,
				14308B50179FD4D900EA560C /* Social.framework */,
				14308B4E179FD08D00EA560C /* Twitter.framework */,
				14308B38179EAFD700EA560C /* QuartzCore.framework */,
				14B8175C179B704F001A371C /* UIKit.framework */,
				14B8175E179B704F001A371C /* Foundation.framework */,
				14B81760179B704F001A371C /* CoreGraphics.framework */,
				14B81780179B704F001A371C /* SenTestingKit.framework */,
				14308B69179FEBF900EA560C /* Cocoa.framework */,
				14308B6B179FEBF900EA560C /* Other Frameworks */,
			);
			name = Frameworks;
			sourceTree = "<group>";
		};
		14B81762179B704F001A371C /* QuickNews */ = {
			isa = PBXGroup;
			children = (
				14B817A9179B82FC001A371C /* RDCNewsListViewController.h */,
				14B817AA179B82FC001A371C /* RDCNewsListViewController.m */,
				14B81797179B7228001A371C /* Model */,
				14B8176B179B704F001A371C /* RDCAppDelegate.h */,
				14B8176C179B704F001A371C /* RDCAppDelegate.m */,
				14B81763179B704F001A371C /* Supporting Files */,
				149C22A9179BC568002970A7 /* RDCCellContentView.h */,
				149C22AA179BC568002970A7 /* RDCCellContentView.m */,
				142A995E179D6E79002384C1 /* RDCStoryViewController.h */,
				142A995F179D6E79002384C1 /* RDCStoryViewController.m */,
			);
			path = QuickNews;
			sourceTree = "<group>";
		};
		14B81763179B704F001A371C /* Supporting Files */ = {
			isa = PBXGroup;
			children = (
				14B81764179B704F001A371C /* QuickNews-Info.plist */,
				14B81765179B704F001A371C /* InfoPlist.strings */,
				14B81768179B704F001A371C /* main.m */,
				14B8176A179B704F001A371C /* QuickNews-Prefix.pch */,
			);
			name = "Supporting Files";
			sourceTree = "<group>";
		};
		14B81797179B7228001A371C /* Model */ = {
			isa = PBXGroup;
			children = (
				14B817AD179B89ED001A371C /* RDCAsyncDownloader.h */,
				14B817AE179B89ED001A371C /* RDCAsyncDownloader.m */,
				14308B4A179FC63000EA560C /* RDCStylizer.h */,
				14308B4B179FC63000EA560C /* RDCStylizer.m */,
			);
			name = Model;
			sourceTree = "<group>";
		};
/* End PBXGroup section */

/* Begin PBXNativeTarget section */
		14B81758179B704F001A371C /* QuickNews */ = {
			isa = PBXNativeTarget;
			buildConfigurationList = 14B81791179B704F001A371C /* Build configuration list for PBXNativeTarget "QuickNews" */;
			buildPhases = (
				14B81755179B704F001A371C /* Sources */,
				14B81756179B704F001A371C /* Frameworks */,
				14B81757179B704F001A371C /* Resources */,
			);
			buildRules = (
			);
			dependencies = (
			);
			name = QuickNews;
			productName = QuickNews;
			productReference = 14B81759179B704F001A371C /* QuickNews.app */;
			productType = "com.apple.product-type.application";
		};
/* End PBXNativeTarget section */

/* Begin PBXProject section */
		14B81751179B704F001A371C /* Project object */ = {
			isa = PBXProject;
			attributes = {
				CLASSPREFIX = RDC;
				LastUpgradeCheck = 0460;
				ORGANIZATIONNAME = "Rocky Desk Creations";
			};
			buildConfigurationList = 14B81754179B704F001A371C /* Build configuration list for PBXProject "QuickNews" */;
			compatibilityVersion = "Xcode 3.2";
			developmentRegion = English;
			hasScannedForEncodings = 0;
			knownRegions = (
				en,
			);
			mainGroup = 14B81750179B704F001A371C;
			productRefGroup = 14B8175A179B704F001A371C /* Products */;
			projectDirPath = "";
			projectRoot = "";
			targets = (
				14B81758179B704F001A371C /* QuickNews */,
			);
		};
/* End PBXProject section */

/* Begin PBXResourcesBuildPhase section */
		14B81757179B704F001A371C /* Resources */ = {
			isa = PBXResourcesBuildPhase;
			buildActionMask = 2147483647;
			files = (
				14B81767179B704F001A371C /* InfoPlist.strings in Resources */,
				142A995D179D6705002384C1 /* testdata.txt in Resources */,
				14308B42179FC54600EA560C /* icon.png in Resources */,
				14308B43179FC54600EA560C /* icon@2x.png in Resources */,
				14308B44179FC54600EA560C /* share.png in Resources */,
				14308B45179FC54600EA560C /* share@2x.png in Resources */,
				14308B46179FC54600EA560C /* nav-bar.png in Resources */,
				14308B47179FC54600EA560C /* nav-bar-landscape.png in Resources */,
				14308B48179FC54600EA560C /* nav-bar-landscape@2x.png in Resources */,
				14308B49179FC54600EA560C /* nav-bar@2x.png in Resources */,
				14308B5B179FE37F00EA560C /* Roboto-Light.ttf in Resources */,
				14308B5D179FE37F00EA560C /* Roboto-Regular.ttf in Resources */,
				14308B5F179FE37F00EA560C /* Roboto-Thin.ttf in Resources */,
				14308B85179FF19400EA560C /* Default.png in Resources */,
				14308B87179FF19E00EA560C /* Default@2x.png in Resources */,
				14308B89179FF1A400EA560C /* Default-568h@2x.png in Resources */,
			);
			runOnlyForDeploymentPostprocessing = 0;
		};
/* End PBXResourcesBuildPhase section */

/* Begin PBXSourcesBuildPhase section */
		14B81755179B704F001A371C /* Sources */ = {
			isa = PBXSourcesBuildPhase;
			buildActionMask = 2147483647;
			files = (
				14B81769179B704F001A371C /* main.m in Sources */,
				14B8176D179B704F001A371C /* RDCAppDelegate.m in Sources */,
				14B817AB179B82FC001A371C /* RDCNewsListViewController.m in Sources */,
				14B817AF179B89ED001A371C /* RDCAsyncDownloader.m in Sources */,
				149C22AB179BC568002970A7 /* RDCCellContentView.m in Sources */,
				142A9960179D6E79002384C1 /* RDCStoryViewController.m in Sources */,
				14308B4C179FC63000EA560C /* RDCStylizer.m in Sources */,
				14308B56179FD92F00EA560C /* UIView+RDCGaussianFade.m in Sources */,
			);
			runOnlyForDeploymentPostprocessing = 0;
		};
/* End PBXSourcesBuildPhase section */

/* Begin PBXVariantGroup section */
		14B81765179B704F001A371C /* InfoPlist.strings */ = {
			isa = PBXVariantGroup;
			children = (
				14B81766179B704F001A371C /* en */,
			);
			name = InfoPlist.strings;
			sourceTree = "<group>";
		};
/* End PBXVariantGroup section */

/* Begin XCBuildConfiguration section */
		14B8178F179B704F001A371C /* Debug */ = {
			isa = XCBuildConfiguration;
			buildSettings = {
				ALWAYS_SEARCH_USER_PATHS = NO;
				CLANG_CXX_LANGUAGE_STANDARD = "gnu++0x";
				CLANG_CXX_LIBRARY = "libc++";
				CLANG_WARN_CONSTANT_CONVERSION = YES;
				CLANG_WARN_EMPTY_BODY = YES;
				CLANG_WARN_ENUM_CONVERSION = YES;
				CLANG_WARN_INT_CONVERSION = YES;
				CLANG_WARN__DUPLICATE_METHOD_MATCH = YES;
				"CODE_SIGN_IDENTITY[sdk=iphoneos*]" = "iPhone Developer";
				COPY_PHASE_STRIP = NO;
				GCC_C_LANGUAGE_STANDARD = gnu99;
				GCC_DYNAMIC_NO_PIC = NO;
				GCC_OPTIMIZATION_LEVEL = 0;
				GCC_PREPROCESSOR_DEFINITIONS = (
					"DEBUG=1",
					"$(inherited)",
				);
				GCC_SYMBOLS_PRIVATE_EXTERN = NO;
				GCC_WARN_ABOUT_RETURN_TYPE = YES;
				GCC_WARN_UNINITIALIZED_AUTOS = YES;
				GCC_WARN_UNUSED_VARIABLE = YES;
				IPHONEOS_DEPLOYMENT_TARGET = 6.1;
				ONLY_ACTIVE_ARCH = YES;
				SDKROOT = iphoneos;
			};
			name = Debug;
		};
		14B81790179B704F001A371C /* Release */ = {
			isa = XCBuildConfiguration;
			buildSettings = {
				ALWAYS_SEARCH_USER_PATHS = NO;
				CLANG_CXX_LANGUAGE_STANDARD = "gnu++0x";
				CLANG_CXX_LIBRARY = "libc++";
				CLANG_WARN_CONSTANT_CONVERSION = YES;
				CLANG_WARN_EMPTY_BODY = YES;
				CLANG_WARN_ENUM_CONVERSION = YES;
				CLANG_WARN_INT_CONVERSION = YES;
				CLANG_WARN__DUPLICATE_METHOD_MATCH = YES;
				"CODE_SIGN_IDENTITY[sdk=iphoneos*]" = "iPhone Developer";
				COPY_PHASE_STRIP = YES;
				GCC_C_LANGUAGE_STANDARD = gnu99;
				GCC_WARN_ABOUT_RETURN_TYPE = YES;
				GCC_WARN_UNINITIALIZED_AUTOS = YES;
				GCC_WARN_UNUSED_VARIABLE = YES;
				IPHONEOS_DEPLOYMENT_TARGET = 6.1;
				OTHER_CFLAGS = "-DNS_BLOCK_ASSERTIONS=1";
				SDKROOT = iphoneos;
				VALIDATE_PRODUCT = YES;
			};
			name = Release;
		};
		14B81792179B704F001A371C /* Debug */ = {
			isa = XCBuildConfiguration;
			buildSettings = {
				GCC_PRECOMPILE_PREFIX_HEADER = YES;
				GCC_PREFIX_HEADER = "QuickNews/QuickNews-Prefix.pch";
				INFOPLIST_FILE = "QuickNews/QuickNews-Info.plist";
				IPHONEOS_DEPLOYMENT_TARGET = 5.0;
				PRODUCT_NAME = "$(TARGET_NAME)";
				WRAPPER_EXTENSION = app;
			};
			name = Debug;
		};
		14B81793179B704F001A371C /* Release */ = {
			isa = XCBuildConfiguration;
			buildSettings = {
				GCC_PRECOMPILE_PREFIX_HEADER = YES;
				GCC_PREFIX_HEADER = "QuickNews/QuickNews-Prefix.pch";
				INFOPLIST_FILE = "QuickNews/QuickNews-Info.plist";
				IPHONEOS_DEPLOYMENT_TARGET = 5.0;
				PRODUCT_NAME = "$(TARGET_NAME)";
				WRAPPER_EXTENSION = app;
			};
			name = Release;
		};
/* End XCBuildConfiguration section */

/* Begin XCConfigurationList section */
		14B81754179B704F001A371C /* Build configuration list for PBXProject "QuickNews" */ = {
			isa = XCConfigurationList;
			buildConfigurations = (
				14B8178F179B704F001A371C /* Debug */,
				14B81790179B704F001A371C /* Release */,
			);
			defaultConfigurationIsVisible = 0;
			defaultConfigurationName = Release;
		};
		14B81791179B704F001A371C /* Build configuration list for PBXNativeTarget "QuickNews" */ = {
			isa = XCConfigurationList;
			buildConfigurations = (
				14B81792179B704F001A371C /* Debug */,
				14B81793179B704F001A371C /* Release */,
			);
			defaultConfigurationIsVisible = 0;
			defaultConfigurationName = Release;
		};
/* End XCConfigurationList section */
	};
	rootObject = 14B81751179B704F001A371C /* Project object */;
}
